
Microsoft Visual Studio Solution File, Format Version 12.00
# Visual Studio 15
VisualStudioVersion = 15.0.27703.2026
MinimumVisualStudioVersion = 10.0.40219.1
Project("{FAE04EC0-301F-11D3-BF4B-00C04F79EFBC}") = "Agenda", "Agenda\Agenda.csproj", "{3DC63461-49E3-4F1C-889B-36329ED3825C}"
EndProject
Global
	GlobalSection(SolutionConfigurationPlatforms) = preSolution
		Debug|Any CPU = Debug|Any CPU
		Release|Any CPU = Release|Any CPU
	EndGlobalSection
	GlobalSection(ProjectConfigurationPlatforms) = postSolution
		{3DC63461-49E3-4F1C-889B-36329ED3825C}.Debug|Any CPU.ActiveCfg = Debug|Any CPU
		{3DC63461-49E3-4F1C-889B-36329ED3825C}.Debug|Any CPU.Build.0 = Debug|Any CPU
		{3DC63461-49E3-4F1C-889B-36329ED3825C}.Release|Any CPU.ActiveCfg = Release|Any CPU
		{3DC63461-49E3-4F1C-889B-36329ED3825C}.Release|Any CPU.Build.0 = Release|Any CPU
	EndGlobalSection
	GlobalSection(SolutionProperties) = preSolution
		HideSolutionNode = FALSE
	EndGlobalSection
	GlobalSection(ExtensibilityGlobals) = postSolution
		SolutionGuid = {F318BFA2-CFC2-4667-A47A-F9396988D827}
	EndGlobalSection
EndGlobal
