
Microsoft Visual Studio Solution File, Format Version 12.00
# Visual Studio 15
VisualStudioVersion = 15.0.27703.2026
MinimumVisualStudioVersion = 10.0.40219.1
Project("{FAE04EC0-301F-11D3-BF4B-00C04F79EFBC}") = "UseCases", "UseCases\UseCases.csproj", "{952EA622-FB4A-44F9-8A6F-2D362B3E3CDE}"
EndProject
Global
	GlobalSection(SolutionConfigurationPlatforms) = preSolution
		Debug|Any CPU = Debug|Any CPU
		Release|Any CPU = Release|Any CPU
	EndGlobalSection
	GlobalSection(ProjectConfigurationPlatforms) = postSolution
		{952EA622-FB4A-44F9-8A6F-2D362B3E3CDE}.Debug|Any CPU.ActiveCfg = Debug|Any CPU
		{952EA622-FB4A-44F9-8A6F-2D362B3E3CDE}.Debug|Any CPU.Build.0 = Debug|Any CPU
		{952EA622-FB4A-44F9-8A6F-2D362B3E3CDE}.Release|Any CPU.ActiveCfg = Release|Any CPU
		{952EA622-FB4A-44F9-8A6F-2D362B3E3CDE}.Release|Any CPU.Build.0 = Release|Any CPU
	EndGlobalSection
	GlobalSection(SolutionProperties) = preSolution
		HideSolutionNode = FALSE
	EndGlobalSection
	GlobalSection(ExtensibilityGlobals) = postSolution
		SolutionGuid = {EB25DA3B-60E5-480E-8C5C-1B23A8B155F1}
	EndGlobalSection
EndGlobal
