
Microsoft Visual Studio Solution File, Format Version 12.00
# Visual Studio 15
VisualStudioVersion = 15.0.28307.438
MinimumVisualStudioVersion = 10.0.40219.1
Project("{FAE04EC0-301F-11D3-BF4B-00C04F79EFBC}") = "PostComment", "PostComment\PostComment.csproj", "{EE2EA669-8A99-4989-9BF2-1FEE3B8442FC}"
EndProject
Project("{FAE04EC0-301F-11D3-BF4B-00C04F79EFBC}") = "ObjectWCF", "ObjectWCF\ObjectWCF.csproj", "{7E99DD54-EF4A-41E8-A0DA-7D693E239E0A}"
EndProject
Project("{FAE04EC0-301F-11D3-BF4B-00C04F79EFBC}") = "HostWCF", "HostWCF\HostWCF.csproj", "{4584FDCC-34F7-4600-B205-14337705023F}"
EndProject
Project("{FAE04EC0-301F-11D3-BF4B-00C04F79EFBC}") = "ClientPostComment", "ClientPostComment\ClientPostComment.csproj", "{73171335-E0D6-4E08-B277-20B73877E896}"
EndProject
Global
	GlobalSection(SolutionConfigurationPlatforms) = preSolution
		Debug|Any CPU = Debug|Any CPU
		Release|Any CPU = Release|Any CPU
	EndGlobalSection
	GlobalSection(ProjectConfigurationPlatforms) = postSolution
		{EE2EA669-8A99-4989-9BF2-1FEE3B8442FC}.Debug|Any CPU.ActiveCfg = Debug|Any CPU
		{EE2EA669-8A99-4989-9BF2-1FEE3B8442FC}.Debug|Any CPU.Build.0 = Debug|Any CPU
		{EE2EA669-8A99-4989-9BF2-1FEE3B8442FC}.Release|Any CPU.ActiveCfg = Release|Any CPU
		{EE2EA669-8A99-4989-9BF2-1FEE3B8442FC}.Release|Any CPU.Build.0 = Release|Any CPU
		{7E99DD54-EF4A-41E8-A0DA-7D693E239E0A}.Debug|Any CPU.ActiveCfg = Debug|Any CPU
		{7E99DD54-EF4A-41E8-A0DA-7D693E239E0A}.Debug|Any CPU.Build.0 = Debug|Any CPU
		{7E99DD54-EF4A-41E8-A0DA-7D693E239E0A}.Release|Any CPU.ActiveCfg = Release|Any CPU
		{7E99DD54-EF4A-41E8-A0DA-7D693E239E0A}.Release|Any CPU.Build.0 = Release|Any CPU
		{4584FDCC-34F7-4600-B205-14337705023F}.Debug|Any CPU.ActiveCfg = Debug|Any CPU
		{4584FDCC-34F7-4600-B205-14337705023F}.Debug|Any CPU.Build.0 = Debug|Any CPU
		{4584FDCC-34F7-4600-B205-14337705023F}.Release|Any CPU.ActiveCfg = Release|Any CPU
		{4584FDCC-34F7-4600-B205-14337705023F}.Release|Any CPU.Build.0 = Release|Any CPU
		{73171335-E0D6-4E08-B277-20B73877E896}.Debug|Any CPU.ActiveCfg = Debug|Any CPU
		{73171335-E0D6-4E08-B277-20B73877E896}.Debug|Any CPU.Build.0 = Debug|Any CPU
		{73171335-E0D6-4E08-B277-20B73877E896}.Release|Any CPU.ActiveCfg = Release|Any CPU
		{73171335-E0D6-4E08-B277-20B73877E896}.Release|Any CPU.Build.0 = Release|Any CPU
	EndGlobalSection
	GlobalSection(SolutionProperties) = preSolution
		HideSolutionNode = FALSE
	EndGlobalSection
	GlobalSection(ExtensibilityGlobals) = postSolution
		SolutionGuid = {C10F1ADC-9735-43E5-9F4E-C498F85766F1}
	EndGlobalSection
EndGlobal
