
Microsoft Visual Studio Solution File, Format Version 12.00
# Visual Studio 15
VisualStudioVersion = 15.0.28307.329
MinimumVisualStudioVersion = 10.0.40219.1
Project("{FAE04EC0-301F-11D3-BF4B-00C04F79EFBC}") = "App2", "App2\App2.csproj", "{EF9C3A97-352F-4DAB-85F8-D40A4F0FCFCC}"
EndProject
Global
	GlobalSection(SolutionConfigurationPlatforms) = preSolution
		Debug|Any CPU = Debug|Any CPU
		Release|Any CPU = Release|Any CPU
	EndGlobalSection
	GlobalSection(ProjectConfigurationPlatforms) = postSolution
		{EF9C3A97-352F-4DAB-85F8-D40A4F0FCFCC}.Debug|Any CPU.ActiveCfg = Debug|Any CPU
		{EF9C3A97-352F-4DAB-85F8-D40A4F0FCFCC}.Debug|Any CPU.Build.0 = Debug|Any CPU
		{EF9C3A97-352F-4DAB-85F8-D40A4F0FCFCC}.Release|Any CPU.ActiveCfg = Release|Any CPU
		{EF9C3A97-352F-4DAB-85F8-D40A4F0FCFCC}.Release|Any CPU.Build.0 = Release|Any CPU
	EndGlobalSection
	GlobalSection(SolutionProperties) = preSolution
		HideSolutionNode = FALSE
	EndGlobalSection
	GlobalSection(ExtensibilityGlobals) = postSolution
		SolutionGuid = {34AA5329-3425-400C-A810-D871B2B39BAA}
	EndGlobalSection
EndGlobal
